
Microsoft Visual Studio Solution File, Format Version 12.00
# Visual Studio Version 17
VisualStudioVersion = 17.14.36301.6 d17.14
MinimumVisualStudioVersion = 10.0.40219.1
Project("{FAE04EC0-301F-11D3-BF4B-00C04F79EFBC}") = "MCPE_GUI", "MCPE_GUI\MCPE_GUI.csproj", "{22060C5A-8923-4D74-AA67-07A33D3BEC0B}"
EndProject
Global
	GlobalSection(SolutionConfigurationPlatforms) = preSolution
		Debug|Any CPU = Debug|Any CPU
		Release|Any CPU = Release|Any CPU
	EndGlobalSection
	GlobalSection(ProjectConfigurationPlatforms) = postSolution
		{22060C5A-8923-4D74-AA67-07A33D3BEC0B}.Debug|Any CPU.ActiveCfg = Debug|Any CPU
		{22060C5A-8923-4D74-AA67-07A33D3BEC0B}.Debug|Any CPU.Build.0 = Debug|Any CPU
		{22060C5A-8923-4D74-AA67-07A33D3BEC0B}.Release|Any CPU.ActiveCfg = Release|Any CPU
		{22060C5A-8923-4D74-AA67-07A33D3BEC0B}.Release|Any CPU.Build.0 = Release|Any CPU
	EndGlobalSection
	GlobalSection(SolutionProperties) = preSolution
		HideSolutionNode = FALSE
	EndGlobalSection
	GlobalSection(ExtensibilityGlobals) = postSolution
		SolutionGuid = {E0D0F392-1599-49E8-A07D-083A9F2FD5F8}
	EndGlobalSection
EndGlobal
